// !$*UTF8*$!
{
	archiveVersion = 1;
	classes = {
	};
	objectVersion = 56;
	objects = {

/* Begin PBXBuildFile section */
		5B566FE42B17F0AB000C655A /* FirebaseAnalytics in Frameworks */ = {isa = PBXBuildFile; productRef = 5B566FE32B17F0AB000C655A /* FirebaseAnalytics */; };
		5B566FE62B17F0AB000C655A /* FirebaseAuth in Frameworks */ = {isa = PBXBuildFile; productRef = 5B566FE52B17F0AB000C655A /* FirebaseAuth */; };
		5B566FE82B17F0AB000C655A /* FirebaseAuthCombine-Community in Frameworks */ = {isa = PBXBuildFile; productRef = 5B566FE72B17F0AB000C655A /* FirebaseAuthCombine-Community */; };
		5B566FEA2B17F0AB000C655A /* FirebaseDatabase in Frameworks */ = {isa = PBXBuildFile; productRef = 5B566FE92B17F0AB000C655A /* FirebaseDatabase */; };
		5B566FEC2B17F0AB000C655A /* FirebaseDatabaseSwift in Frameworks */ = {isa = PBXBuildFile; productRef = 5B566FEB2B17F0AB000C655A /* FirebaseDatabaseSwift */; };
		5B566FEE2B17F0AB000C655A /* FirebaseFirestore in Frameworks */ = {isa = PBXBuildFile; productRef = 5B566FED2B17F0AB000C655A /* FirebaseFirestore */; };
		5B566FF02B17F0AB000C655A /* FirebaseFirestoreSwift in Frameworks */ = {isa = PBXBuildFile; productRef = 5B566FEF2B17F0AB000C655A /* FirebaseFirestoreSwift */; };
		5B566FF22B17F102000C655A /* User.swift in Sources */ = {isa = PBXBuildFile; fileRef = 5B566FF12B17F102000C655A /* User.swift */; };
		5B566FF62B17F912000C655A /* GoogleService-Info.plist in Resources */ = {isa = PBXBuildFile; fileRef = 5B566FF52B17F911000C655A /* GoogleService-Info.plist */; };
		5B566FF82B17FAB1000C655A /* ContentView.swift in Sources */ = {isa = PBXBuildFile; fileRef = 5B566FF72B17FAB1000C655A /* ContentView.swift */; };
		5B5774252A6197A400BB299E /* Group.swift in Sources */ = {isa = PBXBuildFile; fileRef = 5B5774242A6197A400BB299E /* Group.swift */; };
		5B5E6D072AA971270005D101 /* PatternBuilder-ViewModel.swift in Sources */ = {isa = PBXBuildFile; fileRef = 5B5E6D062AA971270005D101 /* PatternBuilder-ViewModel.swift */; };
		5B69004C2A1C6A91001CDD5B /* CrochetoApp.swift in Sources */ = {isa = PBXBuildFile; fileRef = 5B69004B2A1C6A91001CDD5B /* CrochetoApp.swift */; };
		5B6900502A1C6A92001CDD5B /* Assets.xcassets in Resources */ = {isa = PBXBuildFile; fileRef = 5B69004F2A1C6A92001CDD5B /* Assets.xcassets */; };
		5B6900532A1C6A92001CDD5B /* Preview Assets.xcassets in Resources */ = {isa = PBXBuildFile; fileRef = 5B6900522A1C6A92001CDD5B /* Preview Assets.xcassets */; };
		5B69005F2A1C8233001CDD5B /* CrochetoColors.swift in Sources */ = {isa = PBXBuildFile; fileRef = 5B69005E2A1C8233001CDD5B /* CrochetoColors.swift */; };
		5BB960AB2B17D68300ACF89A /* LoginView.swift in Sources */ = {isa = PBXBuildFile; fileRef = 5BB960AA2B17D68300ACF89A /* LoginView.swift */; };
		5BB960AD2B17D6FF00ACF89A /* SignupView.swift in Sources */ = {isa = PBXBuildFile; fileRef = 5BB960AC2B17D6FF00ACF89A /* SignupView.swift */; };
		5BB960C12B17E61900ACF89A /* Auth-ViewModel.swift in Sources */ = {isa = PBXBuildFile; fileRef = 5BB960C02B17E61900ACF89A /* Auth-ViewModel.swift */; };
		5BB960C32B17EE5600ACF89A /* ProfileView.swift in Sources */ = {isa = PBXBuildFile; fileRef = 5BB960C22B17EE5600ACF89A /* ProfileView.swift */; };
		5BC113182A4A6A9A00776F50 /* PatternBuilder.swift in Sources */ = {isa = PBXBuildFile; fileRef = 5BC113172A4A6A9A00776F50 /* PatternBuilder.swift */; };
		5BC1131A2A4A71A200776F50 /* Stitch.swift in Sources */ = {isa = PBXBuildFile; fileRef = 5BC113192A4A71A200776F50 /* Stitch.swift */; };
		5BC1131C2A4A77D000776F50 /* Row.swift in Sources */ = {isa = PBXBuildFile; fileRef = 5BC1131B2A4A77D000776F50 /* Row.swift */; };
		5BF54E312B068E9300740D58 /* SharePatternView.swift in Sources */ = {isa = PBXBuildFile; fileRef = 5BF54E302B068E9300740D58 /* SharePatternView.swift */; };
		5BF54E332B06903F00740D58 /* SharePatternView-ViewModel.swift in Sources */ = {isa = PBXBuildFile; fileRef = 5BF54E322B06903F00740D58 /* SharePatternView-ViewModel.swift */; };
/* End PBXBuildFile section */

/* Begin PBXFileReference section */
		5B566FF12B17F102000C655A /* User.swift */ = {isa = PBXFileReference; lastKnownFileType = sourcecode.swift; path = User.swift; sourceTree = "<group>"; };
		5B566FF52B17F911000C655A /* GoogleService-Info.plist */ = {isa = PBXFileReference; lastKnownFileType = text.plist; path = "GoogleService-Info.plist"; sourceTree = SOURCE_ROOT; };
		5B566FF72B17FAB1000C655A /* ContentView.swift */ = {isa = PBXFileReference; lastKnownFileType = sourcecode.swift; path = ContentView.swift; sourceTree = "<group>"; };
		5B5774242A6197A400BB299E /* Group.swift */ = {isa = PBXFileReference; lastKnownFileType = sourcecode.swift; path = Group.swift; sourceTree = "<group>"; };
		5B5E6D062AA971270005D101 /* PatternBuilder-ViewModel.swift */ = {isa = PBXFileReference; lastKnownFileType = sourcecode.swift; path = "PatternBuilder-ViewModel.swift"; sourceTree = "<group>"; };
		5B6900482A1C6A91001CDD5B /* Crocheto.app */ = {isa = PBXFileReference; explicitFileType = wrapper.application; includeInIndex = 0; path = Crocheto.app; sourceTree = BUILT_PRODUCTS_DIR; };
		5B69004B2A1C6A91001CDD5B /* CrochetoApp.swift */ = {isa = PBXFileReference; lastKnownFileType = sourcecode.swift; path = CrochetoApp.swift; sourceTree = "<group>"; };
		5B69004F2A1C6A92001CDD5B /* Assets.xcassets */ = {isa = PBXFileReference; lastKnownFileType = folder.assetcatalog; path = Assets.xcassets; sourceTree = "<group>"; };
		5B6900522A1C6A92001CDD5B /* Preview Assets.xcassets */ = {isa = PBXFileReference; lastKnownFileType = folder.assetcatalog; path = "Preview Assets.xcassets"; sourceTree = "<group>"; };
		5B69005E2A1C8233001CDD5B /* CrochetoColors.swift */ = {isa = PBXFileReference; lastKnownFileType = sourcecode.swift; path = CrochetoColors.swift; sourceTree = "<group>"; };
		5BB960AA2B17D68300ACF89A /* LoginView.swift */ = {isa = PBXFileReference; fileEncoding = 4; lastKnownFileType = sourcecode.swift; path = LoginView.swift; sourceTree = "<group>"; };
		5BB960AC2B17D6FF00ACF89A /* SignupView.swift */ = {isa = PBXFileReference; lastKnownFileType = sourcecode.swift; path = SignupView.swift; sourceTree = "<group>"; };
		5BB960C02B17E61900ACF89A /* Auth-ViewModel.swift */ = {isa = PBXFileReference; lastKnownFileType = sourcecode.swift; path = "Auth-ViewModel.swift"; sourceTree = "<group>"; };
		5BB960C22B17EE5600ACF89A /* ProfileView.swift */ = {isa = PBXFileReference; lastKnownFileType = sourcecode.swift; path = ProfileView.swift; sourceTree = "<group>"; };
		5BC113172A4A6A9A00776F50 /* PatternBuilder.swift */ = {isa = PBXFileReference; lastKnownFileType = sourcecode.swift; path = PatternBuilder.swift; sourceTree = "<group>"; };
		5BC113192A4A71A200776F50 /* Stitch.swift */ = {isa = PBXFileReference; lastKnownFileType = sourcecode.swift; path = Stitch.swift; sourceTree = "<group>"; };
		5BC1131B2A4A77D000776F50 /* Row.swift */ = {isa = PBXFileReference; lastKnownFileType = sourcecode.swift; path = Row.swift; sourceTree = "<group>"; };
		5BF54E302B068E9300740D58 /* SharePatternView.swift */ = {isa = PBXFileReference; lastKnownFileType = sourcecode.swift; path = SharePatternView.swift; sourceTree = "<group>"; usesTabs = 0; };
		5BF54E322B06903F00740D58 /* SharePatternView-ViewModel.swift */ = {isa = PBXFileReference; lastKnownFileType = sourcecode.swift; path = "SharePatternView-ViewModel.swift"; sourceTree = "<group>"; };
/* End PBXFileReference section */

/* Begin PBXFrameworksBuildPhase section */
		5B6900452A1C6A91001CDD5B /* Frameworks */ = {
			isa = PBXFrameworksBuildPhase;
			buildActionMask = 2147483647;
			files = (
				5B566FEC2B17F0AB000C655A /* FirebaseDatabaseSwift in Frameworks */,
				5B566FE42B17F0AB000C655A /* FirebaseAnalytics in Frameworks */,
				5B566FE82B17F0AB000C655A /* FirebaseAuthCombine-Community in Frameworks */,
				5B566FF02B17F0AB000C655A /* FirebaseFirestoreSwift in Frameworks */,
				5B566FEA2B17F0AB000C655A /* FirebaseDatabase in Frameworks */,
				5B566FE62B17F0AB000C655A /* FirebaseAuth in Frameworks */,
				5B566FEE2B17F0AB000C655A /* FirebaseFirestore in Frameworks */,
			);
			runOnlyForDeploymentPostprocessing = 0;
		};
/* End PBXFrameworksBuildPhase section */

/* Begin PBXGroup section */
		5B69003F2A1C6A91001CDD5B = {
			isa = PBXGroup;
			children = (
				5B69004A2A1C6A91001CDD5B /* Crocheto */,
				5B6900492A1C6A91001CDD5B /* Products */,
			);
			sourceTree = "<group>";
		};
		5B6900492A1C6A91001CDD5B /* Products */ = {
			isa = PBXGroup;
			children = (
				5B6900482A1C6A91001CDD5B /* Crocheto.app */,
			);
			name = Products;
			sourceTree = "<group>";
		};
		5B69004A2A1C6A91001CDD5B /* Crocheto */ = {
			isa = PBXGroup;
			children = (
				5BB960A72B17D0D900ACF89A /* Views */,
				5BB960A62B17D0C200ACF89A /* ViewModels */,
				5BB960A52B17D07100ACF89A /* Classes */,
				5B69004F2A1C6A92001CDD5B /* Assets.xcassets */,
				5B69005E2A1C8233001CDD5B /* CrochetoColors.swift */,
				5B69004B2A1C6A91001CDD5B /* CrochetoApp.swift */,
				5B566FF52B17F911000C655A /* GoogleService-Info.plist */,
				5B6900512A1C6A92001CDD5B /* Preview Content */,
			);
			path = Crocheto;
			sourceTree = "<group>";
		};
		5B6900512A1C6A92001CDD5B /* Preview Content */ = {
			isa = PBXGroup;
			children = (
				5B6900522A1C6A92001CDD5B /* Preview Assets.xcassets */,
			);
			path = "Preview Content";
			sourceTree = "<group>";
		};
		5BB960A52B17D07100ACF89A /* Classes */ = {
			isa = PBXGroup;
			children = (
				5BC1131B2A4A77D000776F50 /* Row.swift */,
				5B5774242A6197A400BB299E /* Group.swift */,
				5BC113192A4A71A200776F50 /* Stitch.swift */,
				5B566FF12B17F102000C655A /* User.swift */,
			);
			path = Classes;
			sourceTree = "<group>";
		};
		5BB960A62B17D0C200ACF89A /* ViewModels */ = {
			isa = PBXGroup;
			children = (
				5BF54E322B06903F00740D58 /* SharePatternView-ViewModel.swift */,
				5B5E6D062AA971270005D101 /* PatternBuilder-ViewModel.swift */,
				5BB960C02B17E61900ACF89A /* Auth-ViewModel.swift */,
			);
			path = ViewModels;
			sourceTree = "<group>";
		};
		5BB960A72B17D0D900ACF89A /* Views */ = {
			isa = PBXGroup;
			children = (
				5BC113172A4A6A9A00776F50 /* PatternBuilder.swift */,
				5BF54E302B068E9300740D58 /* SharePatternView.swift */,
				5BB960AA2B17D68300ACF89A /* LoginView.swift */,
				5BB960AC2B17D6FF00ACF89A /* SignupView.swift */,
				5BB960C22B17EE5600ACF89A /* ProfileView.swift */,
				5B566FF72B17FAB1000C655A /* ContentView.swift */,
			);
			path = Views;
			sourceTree = "<group>";
		};
/* End PBXGroup section */

/* Begin PBXNativeTarget section */
		5B6900472A1C6A91001CDD5B /* Crocheto */ = {
			isa = PBXNativeTarget;
			buildConfigurationList = 5B69005B2A1C6A92001CDD5B /* Build configuration list for PBXNativeTarget "Crocheto" */;
			buildPhases = (
				5B6900442A1C6A91001CDD5B /* Sources */,
				5B6900452A1C6A91001CDD5B /* Frameworks */,
				5B6900462A1C6A91001CDD5B /* Resources */,
			);
			buildRules = (
			);
			dependencies = (
			);
			name = Crocheto;
			packageProductDependencies = (
				5B566FE32B17F0AB000C655A /* FirebaseAnalytics */,
				5B566FE52B17F0AB000C655A /* FirebaseAuth */,
				5B566FE72B17F0AB000C655A /* FirebaseAuthCombine-Community */,
				5B566FE92B17F0AB000C655A /* FirebaseDatabase */,
				5B566FEB2B17F0AB000C655A /* FirebaseDatabaseSwift */,
				5B566FED2B17F0AB000C655A /* FirebaseFirestore */,
				5B566FEF2B17F0AB000C655A /* FirebaseFirestoreSwift */,
			);
			productName = Crocheto;
			productReference = 5B6900482A1C6A91001CDD5B /* Crocheto.app */;
			productType = "com.apple.product-type.application";
		};
/* End PBXNativeTarget section */

/* Begin PBXProject section */
		5B6900402A1C6A91001CDD5B /* Project object */ = {
			isa = PBXProject;
			attributes = {
				BuildIndependentTargetsInParallel = 1;
				LastSwiftUpdateCheck = 1420;
				LastUpgradeCheck = 1420;
				TargetAttributes = {
					5B6900472A1C6A91001CDD5B = {
						CreatedOnToolsVersion = 14.2;
					};
				};
			};
			buildConfigurationList = 5B6900432A1C6A91001CDD5B /* Build configuration list for PBXProject "Crocheto" */;
			compatibilityVersion = "Xcode 14.0";
			developmentRegion = en;
			hasScannedForEncodings = 0;
			knownRegions = (
				en,
				Base,
			);
			mainGroup = 5B69003F2A1C6A91001CDD5B;
			packageReferences = (
				5B566FE22B17F0AB000C655A /* XCRemoteSwiftPackageReference "firebase-ios-sdk" */,
			);
			productRefGroup = 5B6900492A1C6A91001CDD5B /* Products */;
			projectDirPath = "";
			projectRoot = "";
			targets = (
				5B6900472A1C6A91001CDD5B /* Crocheto */,
			);
		};
/* End PBXProject section */

/* Begin PBXResourcesBuildPhase section */
		5B6900462A1C6A91001CDD5B /* Resources */ = {
			isa = PBXResourcesBuildPhase;
			buildActionMask = 2147483647;
			files = (
				5B6900532A1C6A92001CDD5B /* Preview Assets.xcassets in Resources */,
				5B6900502A1C6A92001CDD5B /* Assets.xcassets in Resources */,
				5B566FF62B17F912000C655A /* GoogleService-Info.plist in Resources */,
			);
			runOnlyForDeploymentPostprocessing = 0;
		};
/* End PBXResourcesBuildPhase section */

/* Begin PBXSourcesBuildPhase section */
		5B6900442A1C6A91001CDD5B /* Sources */ = {
			isa = PBXSourcesBuildPhase;
			buildActionMask = 2147483647;
			files = (
				5BC1131C2A4A77D000776F50 /* Row.swift in Sources */,
				5BC113182A4A6A9A00776F50 /* PatternBuilder.swift in Sources */,
				5B5774252A6197A400BB299E /* Group.swift in Sources */,
				5B566FF22B17F102000C655A /* User.swift in Sources */,
				5B69005F2A1C8233001CDD5B /* CrochetoColors.swift in Sources */,
				5B5E6D072AA971270005D101 /* PatternBuilder-ViewModel.swift in Sources */,
				5B566FF82B17FAB1000C655A /* ContentView.swift in Sources */,
				5BB960C12B17E61900ACF89A /* Auth-ViewModel.swift in Sources */,
				5BB960C32B17EE5600ACF89A /* ProfileView.swift in Sources */,
				5BB960AB2B17D68300ACF89A /* LoginView.swift in Sources */,
				5BF54E332B06903F00740D58 /* SharePatternView-ViewModel.swift in Sources */,
				5B69004C2A1C6A91001CDD5B /* CrochetoApp.swift in Sources */,
				5BC1131A2A4A71A200776F50 /* Stitch.swift in Sources */,
				5BB960AD2B17D6FF00ACF89A /* SignupView.swift in Sources */,
				5BF54E312B068E9300740D58 /* SharePatternView.swift in Sources */,
			);
			runOnlyForDeploymentPostprocessing = 0;
		};
/* End PBXSourcesBuildPhase section */

/* Begin XCBuildConfiguration section */
		5B6900592A1C6A92001CDD5B /* Debug */ = {
			isa = XCBuildConfiguration;
			buildSettings = {
				ALWAYS_SEARCH_USER_PATHS = NO;
				CLANG_ANALYZER_NONNULL = YES;
				CLANG_ANALYZER_NUMBER_OBJECT_CONVERSION = YES_AGGRESSIVE;
				CLANG_CXX_LANGUAGE_STANDARD = "gnu++20";
				CLANG_ENABLE_MODULES = YES;
				CLANG_ENABLE_OBJC_ARC = YES;
				CLANG_ENABLE_OBJC_WEAK = YES;
				CLANG_WARN_BLOCK_CAPTURE_AUTORELEASING = YES;
				CLANG_WARN_BOOL_CONVERSION = YES;
				CLANG_WARN_COMMA = YES;
				CLANG_WARN_CONSTANT_CONVERSION = YES;
				CLANG_WARN_DEPRECATED_OBJC_IMPLEMENTATIONS = YES;
				CLANG_WARN_DIRECT_OBJC_ISA_USAGE = YES_ERROR;
				CLANG_WARN_DOCUMENTATION_COMMENTS = YES;
				CLANG_WARN_EMPTY_BODY = YES;
				CLANG_WARN_ENUM_CONVERSION = YES;
				CLANG_WARN_INFINITE_RECURSION = YES;
				CLANG_WARN_INT_CONVERSION = YES;
				CLANG_WARN_NON_LITERAL_NULL_CONVERSION = YES;
				CLANG_WARN_OBJC_IMPLICIT_RETAIN_SELF = YES;
				CLANG_WARN_OBJC_LITERAL_CONVERSION = YES;
				CLANG_WARN_OBJC_ROOT_CLASS = YES_ERROR;
				CLANG_WARN_QUOTED_INCLUDE_IN_FRAMEWORK_HEADER = YES;
				CLANG_WARN_RANGE_LOOP_ANALYSIS = YES;
				CLANG_WARN_STRICT_PROTOTYPES = YES;
				CLANG_WARN_SUSPICIOUS_MOVE = YES;
				CLANG_WARN_UNGUARDED_AVAILABILITY = YES_AGGRESSIVE;
				CLANG_WARN_UNREACHABLE_CODE = YES;
				CLANG_WARN__DUPLICATE_METHOD_MATCH = YES;
				COPY_PHASE_STRIP = NO;
				DEBUG_INFORMATION_FORMAT = dwarf;
				ENABLE_STRICT_OBJC_MSGSEND = YES;
				ENABLE_TESTABILITY = YES;
				GCC_C_LANGUAGE_STANDARD = gnu11;
				GCC_DYNAMIC_NO_PIC = NO;
				GCC_NO_COMMON_BLOCKS = YES;
				GCC_OPTIMIZATION_LEVEL = 0;
				GCC_PREPROCESSOR_DEFINITIONS = (
					"DEBUG=1",
					"$(inherited)",
				);
				GCC_WARN_64_TO_32_BIT_CONVERSION = YES;
				GCC_WARN_ABOUT_RETURN_TYPE = YES_ERROR;
				GCC_WARN_UNDECLARED_SELECTOR = YES;
				GCC_WARN_UNINITIALIZED_AUTOS = YES_AGGRESSIVE;
				GCC_WARN_UNUSED_FUNCTION = YES;
				GCC_WARN_UNUSED_VARIABLE = YES;
				IPHONEOS_DEPLOYMENT_TARGET = 16.2;
				MTL_ENABLE_DEBUG_INFO = INCLUDE_SOURCE;
				MTL_FAST_MATH = YES;
				ONLY_ACTIVE_ARCH = YES;
				SDKROOT = iphoneos;
				SWIFT_ACTIVE_COMPILATION_CONDITIONS = DEBUG;
				SWIFT_OPTIMIZATION_LEVEL = "-Onone";
			};
			name = Debug;
		};
		5B69005A2A1C6A92001CDD5B /* Release */ = {
			isa = XCBuildConfiguration;
			buildSettings = {
				ALWAYS_SEARCH_USER_PATHS = NO;
				CLANG_ANALYZER_NONNULL = YES;
				CLANG_ANALYZER_NUMBER_OBJECT_CONVERSION = YES_AGGRESSIVE;
				CLANG_CXX_LANGUAGE_STANDARD = "gnu++20";
				CLANG_ENABLE_MODULES = YES;
				CLANG_ENABLE_OBJC_ARC = YES;
				CLANG_ENABLE_OBJC_WEAK = YES;
				CLANG_WARN_BLOCK_CAPTURE_AUTORELEASING = YES;
				CLANG_WARN_BOOL_CONVERSION = YES;
				CLANG_WARN_COMMA = YES;
				CLANG_WARN_CONSTANT_CONVERSION = YES;
				CLANG_WARN_DEPRECATED_OBJC_IMPLEMENTATIONS = YES;
				CLANG_WARN_DIRECT_OBJC_ISA_USAGE = YES_ERROR;
				CLANG_WARN_DOCUMENTATION_COMMENTS = YES;
				CLANG_WARN_EMPTY_BODY = YES;
				CLANG_WARN_ENUM_CONVERSION = YES;
				CLANG_WARN_INFINITE_RECURSION = YES;
				CLANG_WARN_INT_CONVERSION = YES;
				CLANG_WARN_NON_LITERAL_NULL_CONVERSION = YES;
				CLANG_WARN_OBJC_IMPLICIT_RETAIN_SELF = YES;
				CLANG_WARN_OBJC_LITERAL_CONVERSION = YES;
				CLANG_WARN_OBJC_ROOT_CLASS = YES_ERROR;
				CLANG_WARN_QUOTED_INCLUDE_IN_FRAMEWORK_HEADER = YES;
				CLANG_WARN_RANGE_LOOP_ANALYSIS = YES;
				CLANG_WARN_STRICT_PROTOTYPES = YES;
				CLANG_WARN_SUSPICIOUS_MOVE = YES;
				CLANG_WARN_UNGUARDED_AVAILABILITY = YES_AGGRESSIVE;
				CLANG_WARN_UNREACHABLE_CODE = YES;
				CLANG_WARN__DUPLICATE_METHOD_MATCH = YES;
				COPY_PHASE_STRIP = NO;
				DEBUG_INFORMATION_FORMAT = "dwarf-with-dsym";
				ENABLE_NS_ASSERTIONS = NO;
				ENABLE_STRICT_OBJC_MSGSEND = YES;
				GCC_C_LANGUAGE_STANDARD = gnu11;
				GCC_NO_COMMON_BLOCKS = YES;
				GCC_WARN_64_TO_32_BIT_CONVERSION = YES;
				GCC_WARN_ABOUT_RETURN_TYPE = YES_ERROR;
				GCC_WARN_UNDECLARED_SELECTOR = YES;
				GCC_WARN_UNINITIALIZED_AUTOS = YES_AGGRESSIVE;
				GCC_WARN_UNUSED_FUNCTION = YES;
				GCC_WARN_UNUSED_VARIABLE = YES;
				IPHONEOS_DEPLOYMENT_TARGET = 16.2;
				MTL_ENABLE_DEBUG_INFO = NO;
				MTL_FAST_MATH = YES;
				SDKROOT = iphoneos;
				SWIFT_COMPILATION_MODE = wholemodule;
				SWIFT_OPTIMIZATION_LEVEL = "-O";
				VALIDATE_PRODUCT = YES;
			};
			name = Release;
		};
		5B69005C2A1C6A92001CDD5B /* Debug */ = {
			isa = XCBuildConfiguration;
			buildSettings = {
				ASSETCATALOG_COMPILER_APPICON_NAME = AppIcon;
				ASSETCATALOG_COMPILER_GLOBAL_ACCENT_COLOR_NAME = AccentColor;
				CODE_SIGN_STYLE = Automatic;
				CURRENT_PROJECT_VERSION = 1;
				DEVELOPMENT_ASSET_PATHS = "\"Crocheto/Preview Content\"";
				DEVELOPMENT_TEAM = 4F9U97VJUS;
				ENABLE_PREVIEWS = YES;
				GENERATE_INFOPLIST_FILE = YES;
				INFOPLIST_KEY_UIApplicationSceneManifest_Generation = YES;
				INFOPLIST_KEY_UIApplicationSupportsIndirectInputEvents = YES;
				INFOPLIST_KEY_UILaunchScreen_Generation = YES;
				INFOPLIST_KEY_UISupportedInterfaceOrientations_iPad = "UIInterfaceOrientationPortrait UIInterfaceOrientationPortraitUpsideDown UIInterfaceOrientationLandscapeLeft UIInterfaceOrientationLandscapeRight";
				INFOPLIST_KEY_UISupportedInterfaceOrientations_iPhone = "UIInterfaceOrientationPortrait UIInterfaceOrientationLandscapeLeft UIInterfaceOrientationLandscapeRight";
				LD_RUNPATH_SEARCH_PATHS = (
					"$(inherited)",
					"@executable_path/Frameworks",
				);
				MARKETING_VERSION = 1.0;
				PRODUCT_BUNDLE_IDENTIFIER = me.pabbathi.nidhi.Crocheto;
				PRODUCT_NAME = "$(TARGET_NAME)";
				SWIFT_EMIT_LOC_STRINGS = YES;
				SWIFT_VERSION = 5.0;
				TARGETED_DEVICE_FAMILY = "1,2";
			};
			name = Debug;
		};
		5B69005D2A1C6A92001CDD5B /* Release */ = {
			isa = XCBuildConfiguration;
			buildSettings = {
				ASSETCATALOG_COMPILER_APPICON_NAME = AppIcon;
				ASSETCATALOG_COMPILER_GLOBAL_ACCENT_COLOR_NAME = AccentColor;
				CODE_SIGN_STYLE = Automatic;
				CURRENT_PROJECT_VERSION = 1;
				DEVELOPMENT_ASSET_PATHS = "\"Crocheto/Preview Content\"";
				DEVELOPMENT_TEAM = 4F9U97VJUS;
				ENABLE_PREVIEWS = YES;
				GENERATE_INFOPLIST_FILE = YES;
				INFOPLIST_KEY_UIApplicationSceneManifest_Generation = YES;
				INFOPLIST_KEY_UIApplicationSupportsIndirectInputEvents = YES;
				INFOPLIST_KEY_UILaunchScreen_Generation = YES;
				INFOPLIST_KEY_UISupportedInterfaceOrientations_iPad = "UIInterfaceOrientationPortrait UIInterfaceOrientationPortraitUpsideDown UIInterfaceOrientationLandscapeLeft UIInterfaceOrientationLandscapeRight";
				INFOPLIST_KEY_UISupportedInterfaceOrientations_iPhone = "UIInterfaceOrientationPortrait UIInterfaceOrientationLandscapeLeft UIInterfaceOrientationLandscapeRight";
				LD_RUNPATH_SEARCH_PATHS = (
					"$(inherited)",
					"@executable_path/Frameworks",
				);
				MARKETING_VERSION = 1.0;
				PRODUCT_BUNDLE_IDENTIFIER = me.pabbathi.nidhi.Crocheto;
				PRODUCT_NAME = "$(TARGET_NAME)";
				SWIFT_EMIT_LOC_STRINGS = YES;
				SWIFT_VERSION = 5.0;
				TARGETED_DEVICE_FAMILY = "1,2";
			};
			name = Release;
		};
/* End XCBuildConfiguration section */

/* Begin XCConfigurationList section */
		5B6900432A1C6A91001CDD5B /* Build configuration list for PBXProject "Crocheto" */ = {
			isa = XCConfigurationList;
			buildConfigurations = (
				5B6900592A1C6A92001CDD5B /* Debug */,
				5B69005A2A1C6A92001CDD5B /* Release */,
			);
			defaultConfigurationIsVisible = 0;
			defaultConfigurationName = Release;
		};
		5B69005B2A1C6A92001CDD5B /* Build configuration list for PBXNativeTarget "Crocheto" */ = {
			isa = XCConfigurationList;
			buildConfigurations = (
				5B69005C2A1C6A92001CDD5B /* Debug */,
				5B69005D2A1C6A92001CDD5B /* Release */,
			);
			defaultConfigurationIsVisible = 0;
			defaultConfigurationName = Release;
		};
/* End XCConfigurationList section */

/* Begin XCRemoteSwiftPackageReference section */
		5B566FE22B17F0AB000C655A /* XCRemoteSwiftPackageReference "firebase-ios-sdk" */ = {
			isa = XCRemoteSwiftPackageReference;
			repositoryURL = "https://github.com/firebase/firebase-ios-sdk";
			requirement = {
				kind = upToNextMajorVersion;
				minimumVersion = 9.0.0;
			};
		};
/* End XCRemoteSwiftPackageReference section */

/* Begin XCSwiftPackageProductDependency section */
		5B566FE32B17F0AB000C655A /* FirebaseAnalytics */ = {
			isa = XCSwiftPackageProductDependency;
			package = 5B566FE22B17F0AB000C655A /* XCRemoteSwiftPackageReference "firebase-ios-sdk" */;
			productName = FirebaseAnalytics;
		};
		5B566FE52B17F0AB000C655A /* FirebaseAuth */ = {
			isa = XCSwiftPackageProductDependency;
			package = 5B566FE22B17F0AB000C655A /* XCRemoteSwiftPackageReference "firebase-ios-sdk" */;
			productName = FirebaseAuth;
		};
		5B566FE72B17F0AB000C655A /* FirebaseAuthCombine-Community */ = {
			isa = XCSwiftPackageProductDependency;
			package = 5B566FE22B17F0AB000C655A /* XCRemoteSwiftPackageReference "firebase-ios-sdk" */;
			productName = "FirebaseAuthCombine-Community";
		};
		5B566FE92B17F0AB000C655A /* FirebaseDatabase */ = {
			isa = XCSwiftPackageProductDependency;
			package = 5B566FE22B17F0AB000C655A /* XCRemoteSwiftPackageReference "firebase-ios-sdk" */;
			productName = FirebaseDatabase;
		};
		5B566FEB2B17F0AB000C655A /* FirebaseDatabaseSwift */ = {
			isa = XCSwiftPackageProductDependency;
			package = 5B566FE22B17F0AB000C655A /* XCRemoteSwiftPackageReference "firebase-ios-sdk" */;
			productName = FirebaseDatabaseSwift;
		};
		5B566FED2B17F0AB000C655A /* FirebaseFirestore */ = {
			isa = XCSwiftPackageProductDependency;
			package = 5B566FE22B17F0AB000C655A /* XCRemoteSwiftPackageReference "firebase-ios-sdk" */;
			productName = FirebaseFirestore;
		};
		5B566FEF2B17F0AB000C655A /* FirebaseFirestoreSwift */ = {
			isa = XCSwiftPackageProductDependency;
			package = 5B566FE22B17F0AB000C655A /* XCRemoteSwiftPackageReference "firebase-ios-sdk" */;
			productName = FirebaseFirestoreSwift;
		};
/* End XCSwiftPackageProductDependency section */
	};
	rootObject = 5B6900402A1C6A91001CDD5B /* Project object */;
}
